<?xml version="1.0" encoding="utf-8"?>
<Project ToolsVersion="4.0" xmlns="http://schemas.microsoft.com/developer/msbuild/2003">
  <ItemGroup>
    <ClCompile Include="LTexture.cpp" />
    <ClCompile Include="Dialogue.cpp" />
    <ClCompile Include="SimpleGame.cpp" />
  </ItemGroup>
  <ItemGroup>
    <ClInclude Include="LTexture.h" />
    <ClInclude Include="Dialogue.h" />
  </ItemGroup>
</Project>